// !$*UTF8*$!
{
	archiveVersion = 1;
	classes = {
	};
	objectVersion = 46;
	objects = {

/* Begin PBXBuildFile section */
		96ADE7301C64FD800088EFAA /* index.html in Resources */ = {isa = PBXBuildFile; fileRef = 96ADE72F1C64FD800088EFAA /* index.html */; };
		96ADE7321C64FD8B0088EFAA /* main.js in Resources */ = {isa = PBXBuildFile; fileRef = 96ADE7311C64FD8B0088EFAA /* main.js */; };
		96F158DC1C64DC5C0033E202 /* AppDelegate.swift in Sources */ = {isa = PBXBuildFile; fileRef = 96F158DB1C64DC5C0033E202 /* AppDelegate.swift */; };
		96F158DE1C64DC5C0033E202 /* ViewController.swift in Sources */ = {isa = PBXBuildFile; fileRef = 96F158DD1C64DC5C0033E202 /* ViewController.swift */; };
		96F158E11C64DC5C0033E202 /* Main.storyboard in Resources */ = {isa = PBXBuildFile; fileRef = 96F158DF1C64DC5C0033E202 /* Main.storyboard */; };
		96F158E31C64DC5C0033E202 /* Assets.xcassets in Resources */ = {isa = PBXBuildFile; fileRef = 96F158E21C64DC5C0033E202 /* Assets.xcassets */; };
		96F158E61C64DC5C0033E202 /* LaunchScreen.storyboard in Resources */ = {isa = PBXBuildFile; fileRef = 96F158E41C64DC5C0033E202 /* LaunchScreen.storyboard */; };
		96F158F11C64DC5C0033E202 /* Tutorial_WebKit_Javascript001Tests.swift in Sources */ = {isa = PBXBuildFile; fileRef = 96F158F01C64DC5C0033E202 /* Tutorial_WebKit_Javascript001Tests.swift */; };
		96F158FC1C64DC6E0033E202 /* WebKit.framework in Frameworks */ = {isa = PBXBuildFile; fileRef = 96F158FB1C64DC6E0033E202 /* WebKit.framework */; };
		96F158FE1C64DCE10033E202 /* ReadMe.txt in Resources */ = {isa = PBXBuildFile; fileRef = 96F158FD1C64DCE10033E202 /* ReadMe.txt */; };
/* End PBXBuildFile section */

/* Begin PBXContainerItemProxy section */
		96F158ED1C64DC5C0033E202 /* PBXContainerItemProxy */ = {
			isa = PBXContainerItemProxy;
			containerPortal = 96F158D01C64DC5C0033E202 /* Project object */;
			proxyType = 1;
			remoteGlobalIDString = 96F158D71C64DC5C0033E202;
			remoteInfo = "Tutorial-WebKit-Javascript001";
		};
/* End PBXContainerItemProxy section */

/* Begin PBXFileReference section */
		96ADE72F1C64FD800088EFAA /* index.html */ = {isa = PBXFileReference; fileEncoding = 4; lastKnownFileType = text.html; path = index.html; sourceTree = "<group>"; };
		96ADE7311C64FD8B0088EFAA /* main.js */ = {isa = PBXFileReference; fileEncoding = 4; lastKnownFileType = sourcecode.javascript; path = main.js; sourceTree = "<group>"; };
		96F158D81C64DC5C0033E202 /* Tutorial-WebKit-Javascript001.app */ = {isa = PBXFileReference; explicitFileType = wrapper.application; includeInIndex = 0; path = "Tutorial-WebKit-Javascript001.app"; sourceTree = BUILT_PRODUCTS_DIR; };
		96F158DB1C64DC5C0033E202 /* AppDelegate.swift */ = {isa = PBXFileReference; lastKnownFileType = sourcecode.swift; path = AppDelegate.swift; sourceTree = "<group>"; };
		96F158DD1C64DC5C0033E202 /* ViewController.swift */ = {isa = PBXFileReference; lastKnownFileType = sourcecode.swift; path = ViewController.swift; sourceTree = "<group>"; };
		96F158E01C64DC5C0033E202 /* Base */ = {isa = PBXFileReference; lastKnownFileType = file.storyboard; name = Base; path = Base.lproj/Main.storyboard; sourceTree = "<group>"; };
		96F158E21C64DC5C0033E202 /* Assets.xcassets */ = {isa = PBXFileReference; lastKnownFileType = folder.assetcatalog; path = Assets.xcassets; sourceTree = "<group>"; };
		96F158E51C64DC5C0033E202 /* Base */ = {isa = PBXFileReference; lastKnownFileType = file.storyboard; name = Base; path = Base.lproj/LaunchScreen.storyboard; sourceTree = "<group>"; };
		96F158E71C64DC5C0033E202 /* Info.plist */ = {isa = PBXFileReference; lastKnownFileType = text.plist.xml; path = Info.plist; sourceTree = "<group>"; };
		96F158EC1C64DC5C0033E202 /* Tutorial-WebKit-Javascript001Tests.xctest */ = {isa = PBXFileReference; explicitFileType = wrapper.cfbundle; includeInIndex = 0; path = "Tutorial-WebKit-Javascript001Tests.xctest"; sourceTree = BUILT_PRODUCTS_DIR; };
		96F158F01C64DC5C0033E202 /* Tutorial_WebKit_Javascript001Tests.swift */ = {isa = PBXFileReference; lastKnownFileType = sourcecode.swift; path = Tutorial_WebKit_Javascript001Tests.swift; sourceTree = "<group>"; };
		96F158F21C64DC5C0033E202 /* Info.plist */ = {isa = PBXFileReference; lastKnownFileType = text.plist.xml; path = Info.plist; sourceTree = "<group>"; };
		96F158FB1C64DC6E0033E202 /* WebKit.framework */ = {isa = PBXFileReference; lastKnownFileType = wrapper.framework; name = WebKit.framework; path = System/Library/Frameworks/WebKit.framework; sourceTree = SDKROOT; };
		96F158FD1C64DCE10033E202 /* ReadMe.txt */ = {isa = PBXFileReference; fileEncoding = 4; lastKnownFileType = text; path = ReadMe.txt; sourceTree = "<group>"; };
/* End PBXFileReference section */

/* Begin PBXFrameworksBuildPhase section */
		96F158D51C64DC5C0033E202 /* Frameworks */ = {
			isa = PBXFrameworksBuildPhase;
			buildActionMask = 2147483647;
			files = (
				96F158FC1C64DC6E0033E202 /* WebKit.framework in Frameworks */,
			);
			runOnlyForDeploymentPostprocessing = 0;
		};
		96F158E91C64DC5C0033E202 /* Frameworks */ = {
			isa = PBXFrameworksBuildPhase;
			buildActionMask = 2147483647;
			files = (
			);
			runOnlyForDeploymentPostprocessing = 0;
		};
/* End PBXFrameworksBuildPhase section */

/* Begin PBXGroup section */
		96F158CF1C64DC5C0033E202 = {
			isa = PBXGroup;
			children = (
				96F158FB1C64DC6E0033E202 /* WebKit.framework */,
				96F158DA1C64DC5C0033E202 /* Tutorial-WebKit-Javascript001 */,
				96F158EF1C64DC5C0033E202 /* Tutorial-WebKit-Javascript001Tests */,
				96F158D91C64DC5C0033E202 /* Products */,
			);
			sourceTree = "<group>";
		};
		96F158D91C64DC5C0033E202 /* Products */ = {
			isa = PBXGroup;
			children = (
				96F158D81C64DC5C0033E202 /* Tutorial-WebKit-Javascript001.app */,
				96F158EC1C64DC5C0033E202 /* Tutorial-WebKit-Javascript001Tests.xctest */,
			);
			name = Products;
			sourceTree = "<group>";
		};
		96F158DA1C64DC5C0033E202 /* Tutorial-WebKit-Javascript001 */ = {
			isa = PBXGroup;
			children = (
				96F158DB1C64DC5C0033E202 /* AppDelegate.swift */,
				96F158DD1C64DC5C0033E202 /* ViewController.swift */,
				96F158DF1C64DC5C0033E202 /* Main.storyboard */,
				96F158E21C64DC5C0033E202 /* Assets.xcassets */,
				96F158E41C64DC5C0033E202 /* LaunchScreen.storyboard */,
				96F158E71C64DC5C0033E202 /* Info.plist */,
				96ADE72F1C64FD800088EFAA /* index.html */,
				96ADE7311C64FD8B0088EFAA /* main.js */,
				96F158FD1C64DCE10033E202 /* ReadMe.txt */,
			);
			path = "Tutorial-WebKit-Javascript001";
			sourceTree = "<group>";
		};
		96F158EF1C64DC5C0033E202 /* Tutorial-WebKit-Javascript001Tests */ = {
			isa = PBXGroup;
			children = (
				96F158F01C64DC5C0033E202 /* Tutorial_WebKit_Javascript001Tests.swift */,
				96F158F21C64DC5C0033E202 /* Info.plist */,
			);
			path = "Tutorial-WebKit-Javascript001Tests";
			sourceTree = "<group>";
		};
/* End PBXGroup section */

/* Begin PBXNativeTarget section */
		96F158D71C64DC5C0033E202 /* Tutorial-WebKit-Javascript001 */ = {
			isa = PBXNativeTarget;
			buildConfigurationList = 96F158F51C64DC5C0033E202 /* Build configuration list for PBXNativeTarget "Tutorial-WebKit-Javascript001" */;
			buildPhases = (
				96F158D41C64DC5C0033E202 /* Sources */,
				96F158D51C64DC5C0033E202 /* Frameworks */,
				96F158D61C64DC5C0033E202 /* Resources */,
			);
			buildRules = (
			);
			dependencies = (
			);
			name = "Tutorial-WebKit-Javascript001";
			productName = "Tutorial-WebKit-Javascript001";
			productReference = 96F158D81C64DC5C0033E202 /* Tutorial-WebKit-Javascript001.app */;
			productType = "com.apple.product-type.application";
		};
		96F158EB1C64DC5C0033E202 /* Tutorial-WebKit-Javascript001Tests */ = {
			isa = PBXNativeTarget;
			buildConfigurationList = 96F158F81C64DC5C0033E202 /* Build configuration list for PBXNativeTarget "Tutorial-WebKit-Javascript001Tests" */;
			buildPhases = (
				96F158E81C64DC5C0033E202 /* Sources */,
				96F158E91C64DC5C0033E202 /* Frameworks */,
				96F158EA1C64DC5C0033E202 /* Resources */,
			);
			buildRules = (
			);
			dependencies = (
				96F158EE1C64DC5C0033E202 /* PBXTargetDependency */,
			);
			name = "Tutorial-WebKit-Javascript001Tests";
			productName = "Tutorial-WebKit-Javascript001Tests";
			productReference = 96F158EC1C64DC5C0033E202 /* Tutorial-WebKit-Javascript001Tests.xctest */;
			productType = "com.apple.product-type.bundle.unit-test";
		};
/* End PBXNativeTarget section */

/* Begin PBXProject section */
		96F158D01C64DC5C0033E202 /* Project object */ = {
			isa = PBXProject;
			attributes = {
				LastSwiftUpdateCheck = 0720;
				LastUpgradeCheck = 0720;
				ORGANIZATIONNAME = "Kevin Quinn";
				TargetAttributes = {
					96F158D71C64DC5C0033E202 = {
						CreatedOnToolsVersion = 7.2;
					};
					96F158EB1C64DC5C0033E202 = {
						CreatedOnToolsVersion = 7.2;
						TestTargetID = 96F158D71C64DC5C0033E202;
					};
				};
			};
			buildConfigurationList = 96F158D31C64DC5C0033E202 /* Build configuration list for PBXProject "Tutorial-WebKit-Javascript001" */;
			compatibilityVersion = "Xcode 3.2";
			developmentRegion = English;
			hasScannedForEncodings = 0;
			knownRegions = (
				en,
				Base,
			);
			mainGroup = 96F158CF1C64DC5C0033E202;
			productRefGroup = 96F158D91C64DC5C0033E202 /* Products */;
			projectDirPath = "";
			projectRoot = "";
			targets = (
				96F158D71C64DC5C0033E202 /* Tutorial-WebKit-Javascript001 */,
				96F158EB1C64DC5C0033E202 /* Tutorial-WebKit-Javascript001Tests */,
			);
		};
/* End PBXProject section */

/* Begin PBXResourcesBuildPhase section */
		96F158D61C64DC5C0033E202 /* Resources */ = {
			isa = PBXResourcesBuildPhase;
			buildActionMask = 2147483647;
			files = (
				96ADE7301C64FD800088EFAA /* index.html in Resources */,
				96F158E61C64DC5C0033E202 /* LaunchScreen.storyboard in Resources */,
				96F158E31C64DC5C0033E202 /* Assets.xcassets in Resources */,
				96ADE7321C64FD8B0088EFAA /* main.js in Resources */,
				96F158FE1C64DCE10033E202 /* ReadMe.txt in Resources */,
				96F158E11C64DC5C0033E202 /* Main.storyboard in Resources */,
			);
			runOnlyForDeploymentPostprocessing = 0;
		};
		96F158EA1C64DC5C0033E202 /* Resources */ = {
			isa = PBXResourcesBuildPhase;
			buildActionMask = 2147483647;
			files = (
			);
			runOnlyForDeploymentPostprocessing = 0;
		};
/* End PBXResourcesBuildPhase section */

/* Begin PBXSourcesBuildPhase section */
		96F158D41C64DC5C0033E202 /* Sources */ = {
			isa = PBXSourcesBuildPhase;
			buildActionMask = 2147483647;
			files = (
				96F158DE1C64DC5C0033E202 /* ViewController.swift in Sources */,
				96F158DC1C64DC5C0033E202 /* AppDelegate.swift in Sources */,
			);
			runOnlyForDeploymentPostprocessing = 0;
		};
		96F158E81C64DC5C0033E202 /* Sources */ = {
			isa = PBXSourcesBuildPhase;
			buildActionMask = 2147483647;
			files = (
				96F158F11C64DC5C0033E202 /* Tutorial_WebKit_Javascript001Tests.swift in Sources */,
			);
			runOnlyForDeploymentPostprocessing = 0;
		};
/* End PBXSourcesBuildPhase section */

/* Begin PBXTargetDependency section */
		96F158EE1C64DC5C0033E202 /* PBXTargetDependency */ = {
			isa = PBXTargetDependency;
			target = 96F158D71C64DC5C0033E202 /* Tutorial-WebKit-Javascript001 */;
			targetProxy = 96F158ED1C64DC5C0033E202 /* PBXContainerItemProxy */;
		};
/* End PBXTargetDependency section */

/* Begin PBXVariantGroup section */
		96F158DF1C64DC5C0033E202 /* Main.storyboard */ = {
			isa = PBXVariantGroup;
			children = (
				96F158E01C64DC5C0033E202 /* Base */,
			);
			name = Main.storyboard;
			sourceTree = "<group>";
		};
		96F158E41C64DC5C0033E202 /* LaunchScreen.storyboard */ = {
			isa = PBXVariantGroup;
			children = (
				96F158E51C64DC5C0033E202 /* Base */,
			);
			name = LaunchScreen.storyboard;
			sourceTree = "<group>";
		};
/* End PBXVariantGroup section */

/* Begin XCBuildConfiguration section */
		96F158F31C64DC5C0033E202 /* Debug */ = {
			isa = XCBuildConfiguration;
			buildSettings = {
				ALWAYS_SEARCH_USER_PATHS = NO;
				CLANG_CXX_LANGUAGE_STANDARD = "gnu++0x";
				CLANG_CXX_LIBRARY = "libc++";
				CLANG_ENABLE_MODULES = YES;
				CLANG_ENABLE_OBJC_ARC = YES;
				CLANG_WARN_BOOL_CONVERSION = YES;
				CLANG_WARN_CONSTANT_CONVERSION = YES;
				CLANG_WARN_DIRECT_OBJC_ISA_USAGE = YES_ERROR;
				CLANG_WARN_EMPTY_BODY = YES;
				CLANG_WARN_ENUM_CONVERSION = YES;
				CLANG_WARN_INT_CONVERSION = YES;
				CLANG_WARN_OBJC_ROOT_CLASS = YES_ERROR;
				CLANG_WARN_UNREACHABLE_CODE = YES;
				CLANG_WARN__DUPLICATE_METHOD_MATCH = YES;
				"CODE_SIGN_IDENTITY[sdk=iphoneos*]" = "iPhone Developer";
				COPY_PHASE_STRIP = NO;
				DEBUG_INFORMATION_FORMAT = dwarf;
				ENABLE_STRICT_OBJC_MSGSEND = YES;
				ENABLE_TESTABILITY = YES;
				GCC_C_LANGUAGE_STANDARD = gnu99;
				GCC_DYNAMIC_NO_PIC = NO;
				GCC_NO_COMMON_BLOCKS = YES;
				GCC_OPTIMIZATION_LEVEL = 0;
				GCC_PREPROCESSOR_DEFINITIONS = (
					"DEBUG=1",
					"$(inherited)",
				);
				GCC_WARN_64_TO_32_BIT_CONVERSION = YES;
				GCC_WARN_ABOUT_RETURN_TYPE = YES_ERROR;
				GCC_WARN_UNDECLARED_SELECTOR = YES;
				GCC_WARN_UNINITIALIZED_AUTOS = YES_AGGRESSIVE;
				GCC_WARN_UNUSED_FUNCTION = YES;
				GCC_WARN_UNUSED_VARIABLE = YES;
				IPHONEOS_DEPLOYMENT_TARGET = 9.2;
				MTL_ENABLE_DEBUG_INFO = YES;
				ONLY_ACTIVE_ARCH = YES;
				SDKROOT = iphoneos;
				SWIFT_OPTIMIZATION_LEVEL = "-Onone";
				TARGETED_DEVICE_FAMILY = "1,2";
			};
			name = Debug;
		};
		96F158F41C64DC5C0033E202 /* Release */ = {
			isa = XCBuildConfiguration;
			buildSettings = {
				ALWAYS_SEARCH_USER_PATHS = NO;
				CLANG_CXX_LANGUAGE_STANDARD = "gnu++0x";
				CLANG_CXX_LIBRARY = "libc++";
				CLANG_ENABLE_MODULES = YES;
				CLANG_ENABLE_OBJC_ARC = YES;
				CLANG_WARN_BOOL_CONVERSION = YES;
				CLANG_WARN_CONSTANT_CONVERSION = YES;
				CLANG_WARN_DIRECT_OBJC_ISA_USAGE = YES_ERROR;
				CLANG_WARN_EMPTY_BODY = YES;
				CLANG_WARN_ENUM_CONVERSION = YES;
				CLANG_WARN_INT_CONVERSION = YES;
				CLANG_WARN_OBJC_ROOT_CLASS = YES_ERROR;
				CLANG_WARN_UNREACHABLE_CODE = YES;
				CLANG_WARN__DUPLICATE_METHOD_MATCH = YES;
				"CODE_SIGN_IDENTITY[sdk=iphoneos*]" = "iPhone Developer";
				COPY_PHASE_STRIP = NO;
				DEBUG_INFORMATION_FORMAT = "dwarf-with-dsym";
				ENABLE_NS_ASSERTIONS = NO;
				ENABLE_STRICT_OBJC_MSGSEND = YES;
				GCC_C_LANGUAGE_STANDARD = gnu99;
				GCC_NO_COMMON_BLOCKS = YES;
				GCC_WARN_64_TO_32_BIT_CONVERSION = YES;
				GCC_WARN_ABOUT_RETURN_TYPE = YES_ERROR;
				GCC_WARN_UNDECLARED_SELECTOR = YES;
				GCC_WARN_UNINITIALIZED_AUTOS = YES_AGGRESSIVE;
				GCC_WARN_UNUSED_FUNCTION = YES;
				GCC_WARN_UNUSED_VARIABLE = YES;
				IPHONEOS_DEPLOYMENT_TARGET = 9.2;
				MTL_ENABLE_DEBUG_INFO = NO;
				SDKROOT = iphoneos;
				TARGETED_DEVICE_FAMILY = "1,2";
				VALIDATE_PRODUCT = YES;
			};
			name = Release;
		};
		96F158F61C64DC5C0033E202 /* Debug */ = {
			isa = XCBuildConfiguration;
			buildSettings = {
				ASSETCATALOG_COMPILER_APPICON_NAME = AppIcon;
				INFOPLIST_FILE = "Tutorial-WebKit-Javascript001/Info.plist";
				LD_RUNPATH_SEARCH_PATHS = "$(inherited) @executable_path/Frameworks";
				PRODUCT_BUNDLE_IDENTIFIER = "com.darknessdescending.Tutorial-WebKit-Javascript001";
				PRODUCT_NAME = "$(TARGET_NAME)";
			};
			name = Debug;
		};
		96F158F71C64DC5C0033E202 /* Release */ = {
			isa = XCBuildConfiguration;
			buildSettings = {
				ASSETCATALOG_COMPILER_APPICON_NAME = AppIcon;
				INFOPLIST_FILE = "Tutorial-WebKit-Javascript001/Info.plist";
				LD_RUNPATH_SEARCH_PATHS = "$(inherited) @executable_path/Frameworks";
				PRODUCT_BUNDLE_IDENTIFIER = "com.darknessdescending.Tutorial-WebKit-Javascript001";
				PRODUCT_NAME = "$(TARGET_NAME)";
			};
			name = Release;
		};
		96F158F91C64DC5C0033E202 /* Debug */ = {
			isa = XCBuildConfiguration;
			buildSettings = {
				BUNDLE_LOADER = "$(TEST_HOST)";
				INFOPLIST_FILE = "Tutorial-WebKit-Javascript001Tests/Info.plist";
				LD_RUNPATH_SEARCH_PATHS = "$(inherited) @executable_path/Frameworks @loader_path/Frameworks";
				PRODUCT_BUNDLE_IDENTIFIER = "com.darknessdescending.Tutorial-WebKit-Javascript001Tests";
				PRODUCT_NAME = "$(TARGET_NAME)";
				TEST_HOST = "$(BUILT_PRODUCTS_DIR)/Tutorial-WebKit-Javascript001.app/Tutorial-WebKit-Javascript001";
			};
			name = Debug;
		};
		96F158FA1C64DC5C0033E202 /* Release */ = {
			isa = XCBuildConfiguration;
			buildSettings = {
				BUNDLE_LOADER = "$(TEST_HOST)";
				INFOPLIST_FILE = "Tutorial-WebKit-Javascript001Tests/Info.plist";
				LD_RUNPATH_SEARCH_PATHS = "$(inherited) @executable_path/Frameworks @loader_path/Frameworks";
				PRODUCT_BUNDLE_IDENTIFIER = "com.darknessdescending.Tutorial-WebKit-Javascript001Tests";
				PRODUCT_NAME = "$(TARGET_NAME)";
				TEST_HOST = "$(BUILT_PRODUCTS_DIR)/Tutorial-WebKit-Javascript001.app/Tutorial-WebKit-Javascript001";
			};
			name = Release;
		};
/* End XCBuildConfiguration section */

/* Begin XCConfigurationList section */
		96F158D31C64DC5C0033E202 /* Build configuration list for PBXProject "Tutorial-WebKit-Javascript001" */ = {
			isa = XCConfigurationList;
			buildConfigurations = (
				96F158F31C64DC5C0033E202 /* Debug */,
				96F158F41C64DC5C0033E202 /* Release */,
			);
			defaultConfigurationIsVisible = 0;
			defaultConfigurationName = Release;
		};
		96F158F51C64DC5C0033E202 /* Build configuration list for PBXNativeTarget "Tutorial-WebKit-Javascript001" */ = {
			isa = XCConfigurationList;
			buildConfigurations = (
				96F158F61C64DC5C0033E202 /* Debug */,
				96F158F71C64DC5C0033E202 /* Release */,
			);
			defaultConfigurationIsVisible = 0;
			defaultConfigurationName = Release;
		};
		96F158F81C64DC5C0033E202 /* Build configuration list for PBXNativeTarget "Tutorial-WebKit-Javascript001Tests" */ = {
			isa = XCConfigurationList;
			buildConfigurations = (
				96F158F91C64DC5C0033E202 /* Debug */,
				96F158FA1C64DC5C0033E202 /* Release */,
			);
			defaultConfigurationIsVisible = 0;
			defaultConfigurationName = Release;
		};
/* End XCConfigurationList section */
	};
	rootObject = 96F158D01C64DC5C0033E202 /* Project object */;
}
